// !$*UTF8*$!
{
	archiveVersion = 1;
	classes = {
	};
	objectVersion = 56;
	objects = {

/* Begin PBXBuildFile section */
		9C665A4F2999C8CE001507AE /* AppDelegate.swift in Sources */ = {isa = PBXBuildFile; fileRef = 9C665A4E2999C8CE001507AE /* AppDelegate.swift */; };
		9C665A512999C8CE001507AE /* SceneDelegate.swift in Sources */ = {isa = PBXBuildFile; fileRef = 9C665A502999C8CE001507AE /* SceneDelegate.swift */; };
		9C665A582999C8CF001507AE /* Assets.xcassets in Resources */ = {isa = PBXBuildFile; fileRef = 9C665A572999C8CF001507AE /* Assets.xcassets */; };
		9C665A5B2999C8CF001507AE /* LaunchScreen.storyboard in Resources */ = {isa = PBXBuildFile; fileRef = 9C665A592999C8CF001507AE /* LaunchScreen.storyboard */; };
		9C7A1419299DB0D600F25DF2 /* UserModel.swift in Sources */ = {isa = PBXBuildFile; fileRef = 9C7A1418299DB0D600F25DF2 /* UserModel.swift */; };
		9C7A141C299DB1FC00F25DF2 /* UserViewModel.swift in Sources */ = {isa = PBXBuildFile; fileRef = 9C7A141B299DB1FC00F25DF2 /* UserViewModel.swift */; };
		9C7A141E299DBB7A00F25DF2 /* FriendModel.swift in Sources */ = {isa = PBXBuildFile; fileRef = 9C7A141D299DBB7A00F25DF2 /* FriendModel.swift */; };
		9C7A1420299DBBA300F25DF2 /* FriendViewModel.swift in Sources */ = {isa = PBXBuildFile; fileRef = 9C7A141F299DBBA300F25DF2 /* FriendViewModel.swift */; };
		9C7E86242999E54800BD475E /* FriendNavigationController.swift in Sources */ = {isa = PBXBuildFile; fileRef = 9C7E86232999E54800BD475E /* FriendNavigationController.swift */; };
		9C7E8626299A14E200BD475E /* FriendViewController.swift in Sources */ = {isa = PBXBuildFile; fileRef = 9C7E8625299A14E200BD475E /* FriendViewController.swift */; };
		9C7E8629299A1A2F00BD475E /* UIColor+Extention.swift in Sources */ = {isa = PBXBuildFile; fileRef = 9C7E8628299A1A2F00BD475E /* UIColor+Extention.swift */; };
		9C7E862C299CB13100BD475E /* UserInfoView.swift in Sources */ = {isa = PBXBuildFile; fileRef = 9C7E862B299CB13100BD475E /* UserInfoView.swift */; };
		9C7E862E299CB14B00BD475E /* UserInfoView.xib in Resources */ = {isa = PBXBuildFile; fileRef = 9C7E862D299CB14B00BD475E /* UserInfoView.xib */; };
		9C7E8630299CB32500BD475E /* Colors.xcassets in Resources */ = {isa = PBXBuildFile; fileRef = 9C7E862F299CB32500BD475E /* Colors.xcassets */; };
		9C86E7DF29A3C89300780762 /* FriendTableView.swift in Sources */ = {isa = PBXBuildFile; fileRef = 9C86E7DE29A3C89300780762 /* FriendTableView.swift */; };
		9C86E7E129A3C95500780762 /* FriendTableView.xib in Resources */ = {isa = PBXBuildFile; fileRef = 9C86E7E029A3C95500780762 /* FriendTableView.xib */; };
		9C86E7E429A3D66A00780762 /* FriendTableViewCell.swift in Sources */ = {isa = PBXBuildFile; fileRef = 9C86E7E229A3D66A00780762 /* FriendTableViewCell.swift */; };
		9C86E7E529A3D66A00780762 /* FriendTableViewCell.xib in Resources */ = {isa = PBXBuildFile; fileRef = 9C86E7E329A3D66A00780762 /* FriendTableViewCell.xib */; };
		9C86E7E729A5187C00780762 /* FriendViewController.xib in Resources */ = {isa = PBXBuildFile; fileRef = 9C86E7E629A5187C00780762 /* FriendViewController.xib */; };
		9CF7134929A6649E00A06D98 /* FriendInvitationView.swift in Sources */ = {isa = PBXBuildFile; fileRef = 9CF7134829A6649E00A06D98 /* FriendInvitationView.swift */; };
		9CF7134B29A664F400A06D98 /* FriendInvitationView.xib in Resources */ = {isa = PBXBuildFile; fileRef = 9CF7134A29A664F300A06D98 /* FriendInvitationView.xib */; };
		9CF7135029A7AF4700A06D98 /* TabBarController.swift in Sources */ = {isa = PBXBuildFile; fileRef = 9CF7134E29A7AF4700A06D98 /* TabBarController.swift */; };
		9CF828DB29A2065400BEA615 /* NoFriendView.swift in Sources */ = {isa = PBXBuildFile; fileRef = 9CF828DA29A2065400BEA615 /* NoFriendView.swift */; };
		9CF828DD29A2066A00BEA615 /* NoFriendView.xib in Resources */ = {isa = PBXBuildFile; fileRef = 9CF828DC29A2066A00BEA615 /* NoFriendView.xib */; };
/* End PBXBuildFile section */

/* Begin PBXFileReference section */
		9C665A4B2999C8CE001507AE /* Cathay-United-Bank-iOS-Homework.app */ = {isa = PBXFileReference; explicitFileType = wrapper.application; includeInIndex = 0; path = "Cathay-United-Bank-iOS-Homework.app"; sourceTree = BUILT_PRODUCTS_DIR; };
		9C665A4E2999C8CE001507AE /* AppDelegate.swift */ = {isa = PBXFileReference; lastKnownFileType = sourcecode.swift; path = AppDelegate.swift; sourceTree = "<group>"; };
		9C665A502999C8CE001507AE /* SceneDelegate.swift */ = {isa = PBXFileReference; lastKnownFileType = sourcecode.swift; path = SceneDelegate.swift; sourceTree = "<group>"; };
		9C665A572999C8CF001507AE /* Assets.xcassets */ = {isa = PBXFileReference; lastKnownFileType = folder.assetcatalog; path = Assets.xcassets; sourceTree = "<group>"; };
		9C665A5A2999C8CF001507AE /* Base */ = {isa = PBXFileReference; lastKnownFileType = file.storyboard; name = Base; path = Base.lproj/LaunchScreen.storyboard; sourceTree = "<group>"; };
		9C665A5C2999C8CF001507AE /* Info.plist */ = {isa = PBXFileReference; lastKnownFileType = text.plist.xml; path = Info.plist; sourceTree = "<group>"; };
		9C7A1418299DB0D600F25DF2 /* UserModel.swift */ = {isa = PBXFileReference; lastKnownFileType = sourcecode.swift; path = UserModel.swift; sourceTree = "<group>"; };
		9C7A141B299DB1FC00F25DF2 /* UserViewModel.swift */ = {isa = PBXFileReference; lastKnownFileType = sourcecode.swift; path = UserViewModel.swift; sourceTree = "<group>"; };
		9C7A141D299DBB7A00F25DF2 /* FriendModel.swift */ = {isa = PBXFileReference; lastKnownFileType = sourcecode.swift; path = FriendModel.swift; sourceTree = "<group>"; };
		9C7A141F299DBBA300F25DF2 /* FriendViewModel.swift */ = {isa = PBXFileReference; lastKnownFileType = sourcecode.swift; path = FriendViewModel.swift; sourceTree = "<group>"; };
		9C7E86232999E54800BD475E /* FriendNavigationController.swift */ = {isa = PBXFileReference; lastKnownFileType = sourcecode.swift; path = FriendNavigationController.swift; sourceTree = "<group>"; };
		9C7E8625299A14E200BD475E /* FriendViewController.swift */ = {isa = PBXFileReference; lastKnownFileType = sourcecode.swift; path = FriendViewController.swift; sourceTree = "<group>"; };
		9C7E8628299A1A2F00BD475E /* UIColor+Extention.swift */ = {isa = PBXFileReference; lastKnownFileType = sourcecode.swift; path = "UIColor+Extention.swift"; sourceTree = "<group>"; };
		9C7E862B299CB13100BD475E /* UserInfoView.swift */ = {isa = PBXFileReference; lastKnownFileType = sourcecode.swift; path = UserInfoView.swift; sourceTree = "<group>"; };
		9C7E862D299CB14B00BD475E /* UserInfoView.xib */ = {isa = PBXFileReference; lastKnownFileType = file.xib; path = UserInfoView.xib; sourceTree = "<group>"; };
		9C7E862F299CB32500BD475E /* Colors.xcassets */ = {isa = PBXFileReference; lastKnownFileType = folder.assetcatalog; path = Colors.xcassets; sourceTree = "<group>"; };
		9C86E7DE29A3C89300780762 /* FriendTableView.swift */ = {isa = PBXFileReference; lastKnownFileType = sourcecode.swift; path = FriendTableView.swift; sourceTree = "<group>"; };
		9C86E7E029A3C95500780762 /* FriendTableView.xib */ = {isa = PBXFileReference; lastKnownFileType = file.xib; path = FriendTableView.xib; sourceTree = "<group>"; };
		9C86E7E229A3D66A00780762 /* FriendTableViewCell.swift */ = {isa = PBXFileReference; lastKnownFileType = sourcecode.swift; path = FriendTableViewCell.swift; sourceTree = "<group>"; };
		9C86E7E329A3D66A00780762 /* FriendTableViewCell.xib */ = {isa = PBXFileReference; lastKnownFileType = file.xib; path = FriendTableViewCell.xib; sourceTree = "<group>"; };
		9C86E7E629A5187C00780762 /* FriendViewController.xib */ = {isa = PBXFileReference; lastKnownFileType = file.xib; path = FriendViewController.xib; sourceTree = "<group>"; };
		9CF7134829A6649E00A06D98 /* FriendInvitationView.swift */ = {isa = PBXFileReference; lastKnownFileType = sourcecode.swift; path = FriendInvitationView.swift; sourceTree = "<group>"; };
		9CF7134A29A664F300A06D98 /* FriendInvitationView.xib */ = {isa = PBXFileReference; lastKnownFileType = file.xib; path = FriendInvitationView.xib; sourceTree = "<group>"; };
		9CF7134E29A7AF4700A06D98 /* TabBarController.swift */ = {isa = PBXFileReference; lastKnownFileType = sourcecode.swift; path = TabBarController.swift; sourceTree = "<group>"; };
		9CF828DA29A2065400BEA615 /* NoFriendView.swift */ = {isa = PBXFileReference; lastKnownFileType = sourcecode.swift; path = NoFriendView.swift; sourceTree = "<group>"; };
		9CF828DC29A2066A00BEA615 /* NoFriendView.xib */ = {isa = PBXFileReference; lastKnownFileType = file.xib; path = NoFriendView.xib; sourceTree = "<group>"; };
/* End PBXFileReference section */

/* Begin PBXFrameworksBuildPhase section */
		9C665A482999C8CE001507AE /* Frameworks */ = {
			isa = PBXFrameworksBuildPhase;
			buildActionMask = 2147483647;
			files = (
			);
			runOnlyForDeploymentPostprocessing = 0;
		};
/* End PBXFrameworksBuildPhase section */

/* Begin PBXGroup section */
		9C665A422999C8CE001507AE = {
			isa = PBXGroup;
			children = (
				9C665A4D2999C8CE001507AE /* Cathay-United-Bank-iOS-Homework */,
				9C665A4C2999C8CE001507AE /* Products */,
			);
			sourceTree = "<group>";
		};
		9C665A4C2999C8CE001507AE /* Products */ = {
			isa = PBXGroup;
			children = (
				9C665A4B2999C8CE001507AE /* Cathay-United-Bank-iOS-Homework.app */,
			);
			name = Products;
			sourceTree = "<group>";
		};
		9C665A4D2999C8CE001507AE /* Cathay-United-Bank-iOS-Homework */ = {
			isa = PBXGroup;
			children = (
				9C665A4E2999C8CE001507AE /* AppDelegate.swift */,
				9C665A502999C8CE001507AE /* SceneDelegate.swift */,
				9C7A1417299DB06F00F25DF2 /* Models */,
				9C9975A72999D55A00B64D6A /* VIews */,
				9C7A141A299DB1E700F25DF2 /* View Models */,
				9C7E8627299A1A1600BD475E /* Extention */,
				9C665A572999C8CF001507AE /* Assets.xcassets */,
				9C7E862F299CB32500BD475E /* Colors.xcassets */,
				9C665A592999C8CF001507AE /* LaunchScreen.storyboard */,
				9C665A5C2999C8CF001507AE /* Info.plist */,
			);
			path = "Cathay-United-Bank-iOS-Homework";
			sourceTree = "<group>";
		};
		9C7A1417299DB06F00F25DF2 /* Models */ = {
			isa = PBXGroup;
			children = (
				9C7A1418299DB0D600F25DF2 /* UserModel.swift */,
				9C7A141D299DBB7A00F25DF2 /* FriendModel.swift */,
			);
			path = Models;
			sourceTree = "<group>";
		};
		9C7A141A299DB1E700F25DF2 /* View Models */ = {
			isa = PBXGroup;
			children = (
				9C7A141B299DB1FC00F25DF2 /* UserViewModel.swift */,
				9C7A141F299DBBA300F25DF2 /* FriendViewModel.swift */,
			);
			path = "View Models";
			sourceTree = "<group>";
		};
		9C7E86172999E28800BD475E /* FriendTab */ = {
			isa = PBXGroup;
			children = (
				9C7E86232999E54800BD475E /* FriendNavigationController.swift */,
				9C7E8625299A14E200BD475E /* FriendViewController.swift */,
				9C86E7E629A5187C00780762 /* FriendViewController.xib */,
				9C7E862A299CB10400BD475E /* VIews */,
			);
			path = FriendTab;
			sourceTree = "<group>";
		};
		9C7E8627299A1A1600BD475E /* Extention */ = {
			isa = PBXGroup;
			children = (
				9C7E8628299A1A2F00BD475E /* UIColor+Extention.swift */,
			);
			path = Extention;
			sourceTree = "<group>";
		};
		9C7E862A299CB10400BD475E /* VIews */ = {
			isa = PBXGroup;
			children = (
				9C7E862B299CB13100BD475E /* UserInfoView.swift */,
				9C7E862D299CB14B00BD475E /* UserInfoView.xib */,
				9CF7134829A6649E00A06D98 /* FriendInvitationView.swift */,
				9CF7134A29A664F300A06D98 /* FriendInvitationView.xib */,
				9CF828DA29A2065400BEA615 /* NoFriendView.swift */,
				9CF828DC29A2066A00BEA615 /* NoFriendView.xib */,
				9CF7134729A65C8600A06D98 /* Friend List */,
			);
			path = VIews;
			sourceTree = "<group>";
		};
		9C9975A72999D55A00B64D6A /* VIews */ = {
			isa = PBXGroup;
			children = (
				9CF7134E29A7AF4700A06D98 /* TabBarController.swift */,
				9C7E86172999E28800BD475E /* FriendTab */,
			);
			path = VIews;
			sourceTree = "<group>";
		};
		9CF7134729A65C8600A06D98 /* Friend List */ = {
			isa = PBXGroup;
			children = (
				9C86E7DE29A3C89300780762 /* FriendTableView.swift */,
				9C86E7E029A3C95500780762 /* FriendTableView.xib */,
				9C86E7E229A3D66A00780762 /* FriendTableViewCell.swift */,
				9C86E7E329A3D66A00780762 /* FriendTableViewCell.xib */,
			);
			name = "Friend List";
			sourceTree = "<group>";
		};
/* End PBXGroup section */

/* Begin PBXNativeTarget section */
		9C665A4A2999C8CE001507AE /* Cathay-United-Bank-iOS-Homework */ = {
			isa = PBXNativeTarget;
			buildConfigurationList = 9C665A5F2999C8CF001507AE /* Build configuration list for PBXNativeTarget "Cathay-United-Bank-iOS-Homework" */;
			buildPhases = (
				9C665A472999C8CE001507AE /* Sources */,
				9C665A482999C8CE001507AE /* Frameworks */,
				9C665A492999C8CE001507AE /* Resources */,
			);
			buildRules = (
			);
			dependencies = (
			);
			name = "Cathay-United-Bank-iOS-Homework";
			productName = "Cathay-United-Bank-iOS-Homework";
			productReference = 9C665A4B2999C8CE001507AE /* Cathay-United-Bank-iOS-Homework.app */;
			productType = "com.apple.product-type.application";
		};
/* End PBXNativeTarget section */

/* Begin PBXProject section */
		9C665A432999C8CE001507AE /* Project object */ = {
			isa = PBXProject;
			attributes = {
				BuildIndependentTargetsInParallel = 1;
				LastSwiftUpdateCheck = 1420;
				LastUpgradeCheck = 1420;
				TargetAttributes = {
					9C665A4A2999C8CE001507AE = {
						CreatedOnToolsVersion = 14.2;
					};
				};
			};
			buildConfigurationList = 9C665A462999C8CE001507AE /* Build configuration list for PBXProject "Cathay-United-Bank-iOS-Homework" */;
			compatibilityVersion = "Xcode 14.0";
			developmentRegion = en;
			hasScannedForEncodings = 0;
			knownRegions = (
				en,
				Base,
			);
			mainGroup = 9C665A422999C8CE001507AE;
			productRefGroup = 9C665A4C2999C8CE001507AE /* Products */;
			projectDirPath = "";
			projectRoot = "";
			targets = (
				9C665A4A2999C8CE001507AE /* Cathay-United-Bank-iOS-Homework */,
			);
		};
/* End PBXProject section */

/* Begin PBXResourcesBuildPhase section */
		9C665A492999C8CE001507AE /* Resources */ = {
			isa = PBXResourcesBuildPhase;
			buildActionMask = 2147483647;
			files = (
				9C86E7E729A5187C00780762 /* FriendViewController.xib in Resources */,
				9CF7134B29A664F400A06D98 /* FriendInvitationView.xib in Resources */,
				9C7E862E299CB14B00BD475E /* UserInfoView.xib in Resources */,
				9C7E8630299CB32500BD475E /* Colors.xcassets in Resources */,
				9C665A5B2999C8CF001507AE /* LaunchScreen.storyboard in Resources */,
				9C86E7E529A3D66A00780762 /* FriendTableViewCell.xib in Resources */,
				9CF828DD29A2066A00BEA615 /* NoFriendView.xib in Resources */,
				9C665A582999C8CF001507AE /* Assets.xcassets in Resources */,
				9C86E7E129A3C95500780762 /* FriendTableView.xib in Resources */,
			);
			runOnlyForDeploymentPostprocessing = 0;
		};
/* End PBXResourcesBuildPhase section */

/* Begin PBXSourcesBuildPhase section */
		9C665A472999C8CE001507AE /* Sources */ = {
			isa = PBXSourcesBuildPhase;
			buildActionMask = 2147483647;
			files = (
				9C7A141E299DBB7A00F25DF2 /* FriendModel.swift in Sources */,
				9CF7134929A6649E00A06D98 /* FriendInvitationView.swift in Sources */,
				9C7E8629299A1A2F00BD475E /* UIColor+Extention.swift in Sources */,
				9CF7135029A7AF4700A06D98 /* TabBarController.swift in Sources */,
				9C665A4F2999C8CE001507AE /* AppDelegate.swift in Sources */,
				9C665A512999C8CE001507AE /* SceneDelegate.swift in Sources */,
				9C7E8626299A14E200BD475E /* FriendViewController.swift in Sources */,
				9C7E86242999E54800BD475E /* FriendNavigationController.swift in Sources */,
				9C7A1420299DBBA300F25DF2 /* FriendViewModel.swift in Sources */,
				9C86E7DF29A3C89300780762 /* FriendTableView.swift in Sources */,
				9C7A141C299DB1FC00F25DF2 /* UserViewModel.swift in Sources */,
				9C7E862C299CB13100BD475E /* UserInfoView.swift in Sources */,
				9CF828DB29A2065400BEA615 /* NoFriendView.swift in Sources */,
				9C7A1419299DB0D600F25DF2 /* UserModel.swift in Sources */,
				9C86E7E429A3D66A00780762 /* FriendTableViewCell.swift in Sources */,
			);
			runOnlyForDeploymentPostprocessing = 0;
		};
/* End PBXSourcesBuildPhase section */

/* Begin PBXVariantGroup section */
		9C665A592999C8CF001507AE /* LaunchScreen.storyboard */ = {
			isa = PBXVariantGroup;
			children = (
				9C665A5A2999C8CF001507AE /* Base */,
			);
			name = LaunchScreen.storyboard;
			sourceTree = "<group>";
		};
/* End PBXVariantGroup section */

/* Begin XCBuildConfiguration section */
		9C665A5D2999C8CF001507AE /* Debug */ = {
			isa = XCBuildConfiguration;
			buildSettings = {
				ALWAYS_SEARCH_USER_PATHS = NO;
				CLANG_ANALYZER_NONNULL = YES;
				CLANG_ANALYZER_NUMBER_OBJECT_CONVERSION = YES_AGGRESSIVE;
				CLANG_CXX_LANGUAGE_STANDARD = "gnu++20";
				CLANG_ENABLE_MODULES = YES;
				CLANG_ENABLE_OBJC_ARC = YES;
				CLANG_ENABLE_OBJC_WEAK = YES;
				CLANG_WARN_BLOCK_CAPTURE_AUTORELEASING = YES;
				CLANG_WARN_BOOL_CONVERSION = YES;
				CLANG_WARN_COMMA = YES;
				CLANG_WARN_CONSTANT_CONVERSION = YES;
				CLANG_WARN_DEPRECATED_OBJC_IMPLEMENTATIONS = YES;
				CLANG_WARN_DIRECT_OBJC_ISA_USAGE = YES_ERROR;
				CLANG_WARN_DOCUMENTATION_COMMENTS = YES;
				CLANG_WARN_EMPTY_BODY = YES;
				CLANG_WARN_ENUM_CONVERSION = YES;
				CLANG_WARN_INFINITE_RECURSION = YES;
				CLANG_WARN_INT_CONVERSION = YES;
				CLANG_WARN_NON_LITERAL_NULL_CONVERSION = YES;
				CLANG_WARN_OBJC_IMPLICIT_RETAIN_SELF = YES;
				CLANG_WARN_OBJC_LITERAL_CONVERSION = YES;
				CLANG_WARN_OBJC_ROOT_CLASS = YES_ERROR;
				CLANG_WARN_QUOTED_INCLUDE_IN_FRAMEWORK_HEADER = YES;
				CLANG_WARN_RANGE_LOOP_ANALYSIS = YES;
				CLANG_WARN_STRICT_PROTOTYPES = YES;
				CLANG_WARN_SUSPICIOUS_MOVE = YES;
				CLANG_WARN_UNGUARDED_AVAILABILITY = YES_AGGRESSIVE;
				CLANG_WARN_UNREACHABLE_CODE = YES;
				CLANG_WARN__DUPLICATE_METHOD_MATCH = YES;
				COPY_PHASE_STRIP = NO;
				DEBUG_INFORMATION_FORMAT = dwarf;
				ENABLE_STRICT_OBJC_MSGSEND = YES;
				ENABLE_TESTABILITY = YES;
				GCC_C_LANGUAGE_STANDARD = gnu11;
				GCC_DYNAMIC_NO_PIC = NO;
				GCC_NO_COMMON_BLOCKS = YES;
				GCC_OPTIMIZATION_LEVEL = 0;
				GCC_PREPROCESSOR_DEFINITIONS = (
					"DEBUG=1",
					"$(inherited)",
				);
				GCC_WARN_64_TO_32_BIT_CONVERSION = YES;
				GCC_WARN_ABOUT_RETURN_TYPE = YES_ERROR;
				GCC_WARN_UNDECLARED_SELECTOR = YES;
				GCC_WARN_UNINITIALIZED_AUTOS = YES_AGGRESSIVE;
				GCC_WARN_UNUSED_FUNCTION = YES;
				GCC_WARN_UNUSED_VARIABLE = YES;
				IPHONEOS_DEPLOYMENT_TARGET = 16.2;
				MTL_ENABLE_DEBUG_INFO = INCLUDE_SOURCE;
				MTL_FAST_MATH = YES;
				ONLY_ACTIVE_ARCH = YES;
				SDKROOT = iphoneos;
				SWIFT_ACTIVE_COMPILATION_CONDITIONS = DEBUG;
				SWIFT_OPTIMIZATION_LEVEL = "-Onone";
			};
			name = Debug;
		};
		9C665A5E2999C8CF001507AE /* Release */ = {
			isa = XCBuildConfiguration;
			buildSettings = {
				ALWAYS_SEARCH_USER_PATHS = NO;
				CLANG_ANALYZER_NONNULL = YES;
				CLANG_ANALYZER_NUMBER_OBJECT_CONVERSION = YES_AGGRESSIVE;
				CLANG_CXX_LANGUAGE_STANDARD = "gnu++20";
				CLANG_ENABLE_MODULES = YES;
				CLANG_ENABLE_OBJC_ARC = YES;
				CLANG_ENABLE_OBJC_WEAK = YES;
				CLANG_WARN_BLOCK_CAPTURE_AUTORELEASING = YES;
				CLANG_WARN_BOOL_CONVERSION = YES;
				CLANG_WARN_COMMA = YES;
				CLANG_WARN_CONSTANT_CONVERSION = YES;
				CLANG_WARN_DEPRECATED_OBJC_IMPLEMENTATIONS = YES;
				CLANG_WARN_DIRECT_OBJC_ISA_USAGE = YES_ERROR;
				CLANG_WARN_DOCUMENTATION_COMMENTS = YES;
				CLANG_WARN_EMPTY_BODY = YES;
				CLANG_WARN_ENUM_CONVERSION = YES;
				CLANG_WARN_INFINITE_RECURSION = YES;
				CLANG_WARN_INT_CONVERSION = YES;
				CLANG_WARN_NON_LITERAL_NULL_CONVERSION = YES;
				CLANG_WARN_OBJC_IMPLICIT_RETAIN_SELF = YES;
				CLANG_WARN_OBJC_LITERAL_CONVERSION = YES;
				CLANG_WARN_OBJC_ROOT_CLASS = YES_ERROR;
				CLANG_WARN_QUOTED_INCLUDE_IN_FRAMEWORK_HEADER = YES;
				CLANG_WARN_RANGE_LOOP_ANALYSIS = YES;
				CLANG_WARN_STRICT_PROTOTYPES = YES;
				CLANG_WARN_SUSPICIOUS_MOVE = YES;
				CLANG_WARN_UNGUARDED_AVAILABILITY = YES_AGGRESSIVE;
				CLANG_WARN_UNREACHABLE_CODE = YES;
				CLANG_WARN__DUPLICATE_METHOD_MATCH = YES;
				COPY_PHASE_STRIP = NO;
				DEBUG_INFORMATION_FORMAT = "dwarf-with-dsym";
				ENABLE_NS_ASSERTIONS = NO;
				ENABLE_STRICT_OBJC_MSGSEND = YES;
				GCC_C_LANGUAGE_STANDARD = gnu11;
				GCC_NO_COMMON_BLOCKS = YES;
				GCC_WARN_64_TO_32_BIT_CONVERSION = YES;
				GCC_WARN_ABOUT_RETURN_TYPE = YES_ERROR;
				GCC_WARN_UNDECLARED_SELECTOR = YES;
				GCC_WARN_UNINITIALIZED_AUTOS = YES_AGGRESSIVE;
				GCC_WARN_UNUSED_FUNCTION = YES;
				GCC_WARN_UNUSED_VARIABLE = YES;
				IPHONEOS_DEPLOYMENT_TARGET = 16.2;
				MTL_ENABLE_DEBUG_INFO = NO;
				MTL_FAST_MATH = YES;
				SDKROOT = iphoneos;
				SWIFT_COMPILATION_MODE = wholemodule;
				SWIFT_OPTIMIZATION_LEVEL = "-O";
				VALIDATE_PRODUCT = YES;
			};
			name = Release;
		};
		9C665A602999C8CF001507AE /* Debug */ = {
			isa = XCBuildConfiguration;
			buildSettings = {
				ASSETCATALOG_COMPILER_APPICON_NAME = AppIcon;
				ASSETCATALOG_COMPILER_GLOBAL_ACCENT_COLOR_NAME = AccentColor;
				CODE_SIGN_STYLE = Automatic;
				CURRENT_PROJECT_VERSION = 1;
				DEVELOPMENT_TEAM = 24SCJHS57L;
				GENERATE_INFOPLIST_FILE = YES;
				INFOPLIST_FILE = "Cathay-United-Bank-iOS-Homework/Info.plist";
				INFOPLIST_KEY_UIApplicationSupportsIndirectInputEvents = YES;
				INFOPLIST_KEY_UILaunchStoryboardName = LaunchScreen;
				INFOPLIST_KEY_UISupportedInterfaceOrientations_iPad = "UIInterfaceOrientationPortrait UIInterfaceOrientationPortraitUpsideDown UIInterfaceOrientationLandscapeLeft UIInterfaceOrientationLandscapeRight";
				INFOPLIST_KEY_UISupportedInterfaceOrientations_iPhone = "UIInterfaceOrientationPortrait UIInterfaceOrientationLandscapeLeft UIInterfaceOrientationLandscapeRight";
				LD_RUNPATH_SEARCH_PATHS = (
					"$(inherited)",
					"@executable_path/Frameworks",
				);
				MARKETING_VERSION = 1.0;
				PRODUCT_BUNDLE_IDENTIFIER = "com.Ricky.Cathay-United-Bank-iOS-Homework";
				PRODUCT_NAME = "$(TARGET_NAME)";
				SWIFT_EMIT_LOC_STRINGS = YES;
				SWIFT_VERSION = 5.0;
				TARGETED_DEVICE_FAMILY = "1,2";
			};
			name = Debug;
		};
		9C665A612999C8CF001507AE /* Release */ = {
			isa = XCBuildConfiguration;
			buildSettings = {
				ASSETCATALOG_COMPILER_APPICON_NAME = AppIcon;
				ASSETCATALOG_COMPILER_GLOBAL_ACCENT_COLOR_NAME = AccentColor;
				CODE_SIGN_STYLE = Automatic;
				CURRENT_PROJECT_VERSION = 1;
				DEVELOPMENT_TEAM = 24SCJHS57L;
				GENERATE_INFOPLIST_FILE = YES;
				INFOPLIST_FILE = "Cathay-United-Bank-iOS-Homework/Info.plist";
				INFOPLIST_KEY_UIApplicationSupportsIndirectInputEvents = YES;
				INFOPLIST_KEY_UILaunchStoryboardName = LaunchScreen;
				INFOPLIST_KEY_UISupportedInterfaceOrientations_iPad = "UIInterfaceOrientationPortrait UIInterfaceOrientationPortraitUpsideDown UIInterfaceOrientationLandscapeLeft UIInterfaceOrientationLandscapeRight";
				INFOPLIST_KEY_UISupportedInterfaceOrientations_iPhone = "UIInterfaceOrientationPortrait UIInterfaceOrientationLandscapeLeft UIInterfaceOrientationLandscapeRight";
				LD_RUNPATH_SEARCH_PATHS = (
					"$(inherited)",
					"@executable_path/Frameworks",
				);
				MARKETING_VERSION = 1.0;
				PRODUCT_BUNDLE_IDENTIFIER = "com.Ricky.Cathay-United-Bank-iOS-Homework";
				PRODUCT_NAME = "$(TARGET_NAME)";
				SWIFT_EMIT_LOC_STRINGS = YES;
				SWIFT_VERSION = 5.0;
				TARGETED_DEVICE_FAMILY = "1,2";
			};
			name = Release;
		};
/* End XCBuildConfiguration section */

/* Begin XCConfigurationList section */
		9C665A462999C8CE001507AE /* Build configuration list for PBXProject "Cathay-United-Bank-iOS-Homework" */ = {
			isa = XCConfigurationList;
			buildConfigurations = (
				9C665A5D2999C8CF001507AE /* Debug */,
				9C665A5E2999C8CF001507AE /* Release */,
			);
			defaultConfigurationIsVisible = 0;
			defaultConfigurationName = Release;
		};
		9C665A5F2999C8CF001507AE /* Build configuration list for PBXNativeTarget "Cathay-United-Bank-iOS-Homework" */ = {
			isa = XCConfigurationList;
			buildConfigurations = (
				9C665A602999C8CF001507AE /* Debug */,
				9C665A612999C8CF001507AE /* Release */,
			);
			defaultConfigurationIsVisible = 0;
			defaultConfigurationName = Release;
		};
/* End XCConfigurationList section */
	};
	rootObject = 9C665A432999C8CE001507AE /* Project object */;
}
